// !$*UTF8*$!
{
	archiveVersion = 1;
	classes = {
	};
	objectVersion = 48;
	objects = {

/* Begin PBXBuildFile section */
		3FDA3BBA3BDAE309851D5215 /* Pods_ChatAppUITests.framework in Frameworks */ = {isa = PBXBuildFile; fileRef = 4F48B0722DFF0FE7CC6CBA34 /* Pods_ChatAppUITests.framework */; };
		43028BAA1F987DC400E4E9BF /* SWRevealViewController.m in Sources */ = {isa = PBXBuildFile; fileRef = 431BE75D1F90D43B0071CFFC /* SWRevealViewController.m */; };
		43028BAC1F98845000E4E9BF /* GradientView.swift in Sources */ = {isa = PBXBuildFile; fileRef = 43028BAB1F98845000E4E9BF /* GradientView.swift */; };
		439AC4D11F8FB6600051F1EB /* AppDelegate.swift in Sources */ = {isa = PBXBuildFile; fileRef = 439AC4D01F8FB6600051F1EB /* AppDelegate.swift */; };
		439AC4D61F8FB6600051F1EB /* Main.storyboard in Resources */ = {isa = PBXBuildFile; fileRef = 439AC4D41F8FB6600051F1EB /* Main.storyboard */; };
		439AC4D81F8FB6600051F1EB /* Assets.xcassets in Resources */ = {isa = PBXBuildFile; fileRef = 439AC4D71F8FB6600051F1EB /* Assets.xcassets */; };
		439AC4DB1F8FB6600051F1EB /* LaunchScreen.storyboard in Resources */ = {isa = PBXBuildFile; fileRef = 439AC4D91F8FB6600051F1EB /* LaunchScreen.storyboard */; };
		439AC4E61F8FB6600051F1EB /* ChatAppTests.swift in Sources */ = {isa = PBXBuildFile; fileRef = 439AC4E51F8FB6600051F1EB /* ChatAppTests.swift */; };
		439AC4F11F8FB6600051F1EB /* ChatAppUITests.swift in Sources */ = {isa = PBXBuildFile; fileRef = 439AC4F01F8FB6600051F1EB /* ChatAppUITests.swift */; };
		43E27DA51F9259D50024816A /* ChatVC.swift in Sources */ = {isa = PBXBuildFile; fileRef = 43E27DA41F9259D50024816A /* ChatVC.swift */; };
		43E27DA71F9259E30024816A /* ChannelVC.swift in Sources */ = {isa = PBXBuildFile; fileRef = 43E27DA61F9259E30024816A /* ChannelVC.swift */; };
		8EC0AE2A2A0B17915DE3EA49 /* Pods_ChatApp.framework in Frameworks */ = {isa = PBXBuildFile; fileRef = E328788D7B085CBBE80E25F5 /* Pods_ChatApp.framework */; };
		FBA502293EBE99A7D294FCCD /* Pods_ChatAppTests.framework in Frameworks */ = {isa = PBXBuildFile; fileRef = 4C4BAAB5414AB4567B157816 /* Pods_ChatAppTests.framework */; };
/* End PBXBuildFile section */

/* Begin PBXContainerItemProxy section */
		439AC4E21F8FB6600051F1EB /* PBXContainerItemProxy */ = {
			isa = PBXContainerItemProxy;
			containerPortal = 439AC4C51F8FB65F0051F1EB /* Project object */;
			proxyType = 1;
			remoteGlobalIDString = 439AC4CC1F8FB65F0051F1EB;
			remoteInfo = ChatApp;
		};
		439AC4ED1F8FB6600051F1EB /* PBXContainerItemProxy */ = {
			isa = PBXContainerItemProxy;
			containerPortal = 439AC4C51F8FB65F0051F1EB /* Project object */;
			proxyType = 1;
			remoteGlobalIDString = 439AC4CC1F8FB65F0051F1EB;
			remoteInfo = ChatApp;
		};
/* End PBXContainerItemProxy section */

/* Begin PBXFileReference section */
		2E3D7B327B4C8DE50C563964 /* Pods-ChatAppTests.debug.xcconfig */ = {isa = PBXFileReference; includeInIndex = 1; lastKnownFileType = text.xcconfig; name = "Pods-ChatAppTests.debug.xcconfig"; path = "Pods/Target Support Files/Pods-ChatAppTests/Pods-ChatAppTests.debug.xcconfig"; sourceTree = "<group>"; };
		33A1C1F18CF60D9F4C3673EB /* Pods-ChatAppUITests.debug.xcconfig */ = {isa = PBXFileReference; includeInIndex = 1; lastKnownFileType = text.xcconfig; name = "Pods-ChatAppUITests.debug.xcconfig"; path = "Pods/Target Support Files/Pods-ChatAppUITests/Pods-ChatAppUITests.debug.xcconfig"; sourceTree = "<group>"; };
		388FAB629505F0C78B5A2821 /* Pods-ChatApp.release.xcconfig */ = {isa = PBXFileReference; includeInIndex = 1; lastKnownFileType = text.xcconfig; name = "Pods-ChatApp.release.xcconfig"; path = "Pods/Target Support Files/Pods-ChatApp/Pods-ChatApp.release.xcconfig"; sourceTree = "<group>"; };
		43028BAB1F98845000E4E9BF /* GradientView.swift */ = {isa = PBXFileReference; lastKnownFileType = sourcecode.swift; path = GradientView.swift; sourceTree = "<group>"; };
		431BE75B1F90D43A0071CFFC /* ChatApp-Bridging-Header.h */ = {isa = PBXFileReference; lastKnownFileType = sourcecode.c.h; path = "ChatApp-Bridging-Header.h"; sourceTree = "<group>"; };
		431BE75C1F90D43B0071CFFC /* SWRevealViewController.h */ = {isa = PBXFileReference; lastKnownFileType = sourcecode.c.h; path = SWRevealViewController.h; sourceTree = "<group>"; };
		431BE75D1F90D43B0071CFFC /* SWRevealViewController.m */ = {isa = PBXFileReference; lastKnownFileType = sourcecode.c.objc; path = SWRevealViewController.m; sourceTree = "<group>"; };
		439AC4CD1F8FB6600051F1EB /* ChatApp.app */ = {isa = PBXFileReference; explicitFileType = wrapper.application; includeInIndex = 0; path = ChatApp.app; sourceTree = BUILT_PRODUCTS_DIR; };
		439AC4D01F8FB6600051F1EB /* AppDelegate.swift */ = {isa = PBXFileReference; lastKnownFileType = sourcecode.swift; path = AppDelegate.swift; sourceTree = "<group>"; };
		439AC4D51F8FB6600051F1EB /* Base */ = {isa = PBXFileReference; lastKnownFileType = file.storyboard; name = Base; path = Base.lproj/Main.storyboard; sourceTree = "<group>"; };
		439AC4D71F8FB6600051F1EB /* Assets.xcassets */ = {isa = PBXFileReference; lastKnownFileType = folder.assetcatalog; path = Assets.xcassets; sourceTree = "<group>"; };
		439AC4DA1F8FB6600051F1EB /* Base */ = {isa = PBXFileReference; lastKnownFileType = file.storyboard; name = Base; path = Base.lproj/LaunchScreen.storyboard; sourceTree = "<group>"; };
		439AC4DC1F8FB6600051F1EB /* Info.plist */ = {isa = PBXFileReference; lastKnownFileType = text.plist.xml; path = Info.plist; sourceTree = "<group>"; };
		439AC4E11F8FB6600051F1EB /* ChatAppTests.xctest */ = {isa = PBXFileReference; explicitFileType = wrapper.cfbundle; includeInIndex = 0; path = ChatAppTests.xctest; sourceTree = BUILT_PRODUCTS_DIR; };
		439AC4E51F8FB6600051F1EB /* ChatAppTests.swift */ = {isa = PBXFileReference; lastKnownFileType = sourcecode.swift; path = ChatAppTests.swift; sourceTree = "<group>"; };
		439AC4E71F8FB6600051F1EB /* Info.plist */ = {isa = PBXFileReference; lastKnownFileType = text.plist.xml; path = Info.plist; sourceTree = "<group>"; };
		439AC4EC1F8FB6600051F1EB /* ChatAppUITests.xctest */ = {isa = PBXFileReference; explicitFileType = wrapper.cfbundle; includeInIndex = 0; path = ChatAppUITests.xctest; sourceTree = BUILT_PRODUCTS_DIR; };
		439AC4F01F8FB6600051F1EB /* ChatAppUITests.swift */ = {isa = PBXFileReference; lastKnownFileType = sourcecode.swift; path = ChatAppUITests.swift; sourceTree = "<group>"; };
		439AC4F21F8FB6600051F1EB /* Info.plist */ = {isa = PBXFileReference; lastKnownFileType = text.plist.xml; path = Info.plist; sourceTree = "<group>"; };
		43E27DA41F9259D50024816A /* ChatVC.swift */ = {isa = PBXFileReference; lastKnownFileType = sourcecode.swift; path = ChatVC.swift; sourceTree = "<group>"; };
		43E27DA61F9259E30024816A /* ChannelVC.swift */ = {isa = PBXFileReference; lastKnownFileType = sourcecode.swift; path = ChannelVC.swift; sourceTree = "<group>"; };
		4C4BAAB5414AB4567B157816 /* Pods_ChatAppTests.framework */ = {isa = PBXFileReference; explicitFileType = wrapper.framework; includeInIndex = 0; path = Pods_ChatAppTests.framework; sourceTree = BUILT_PRODUCTS_DIR; };
		4F48B0722DFF0FE7CC6CBA34 /* Pods_ChatAppUITests.framework */ = {isa = PBXFileReference; explicitFileType = wrapper.framework; includeInIndex = 0; path = Pods_ChatAppUITests.framework; sourceTree = BUILT_PRODUCTS_DIR; };
		A9EB7A9C05FAC8C1D2A3D5B9 /* Pods-ChatAppTests.release.xcconfig */ = {isa = PBXFileReference; includeInIndex = 1; lastKnownFileType = text.xcconfig; name = "Pods-ChatAppTests.release.xcconfig"; path = "Pods/Target Support Files/Pods-ChatAppTests/Pods-ChatAppTests.release.xcconfig"; sourceTree = "<group>"; };
		ACB5EBFCAF3CDE127CC476BC /* Pods-ChatApp.debug.xcconfig */ = {isa = PBXFileReference; includeInIndex = 1; lastKnownFileType = text.xcconfig; name = "Pods-ChatApp.debug.xcconfig"; path = "Pods/Target Support Files/Pods-ChatApp/Pods-ChatApp.debug.xcconfig"; sourceTree = "<group>"; };
		E328788D7B085CBBE80E25F5 /* Pods_ChatApp.framework */ = {isa = PBXFileReference; explicitFileType = wrapper.framework; includeInIndex = 0; path = Pods_ChatApp.framework; sourceTree = BUILT_PRODUCTS_DIR; };
		EF8DEFAC4380A0FC3CB49A76 /* Pods-ChatAppUITests.release.xcconfig */ = {isa = PBXFileReference; includeInIndex = 1; lastKnownFileType = text.xcconfig; name = "Pods-ChatAppUITests.release.xcconfig"; path = "Pods/Target Support Files/Pods-ChatAppUITests/Pods-ChatAppUITests.release.xcconfig"; sourceTree = "<group>"; };
/* End PBXFileReference section */

/* Begin PBXFrameworksBuildPhase section */
		439AC4CA1F8FB65F0051F1EB /* Frameworks */ = {
			isa = PBXFrameworksBuildPhase;
			buildActionMask = 2147483647;
			files = (
				8EC0AE2A2A0B17915DE3EA49 /* Pods_ChatApp.framework in Frameworks */,
			);
			runOnlyForDeploymentPostprocessing = 0;
		};
		439AC4DE1F8FB6600051F1EB /* Frameworks */ = {
			isa = PBXFrameworksBuildPhase;
			buildActionMask = 2147483647;
			files = (
				FBA502293EBE99A7D294FCCD /* Pods_ChatAppTests.framework in Frameworks */,
			);
			runOnlyForDeploymentPostprocessing = 0;
		};
		439AC4E91F8FB6600051F1EB /* Frameworks */ = {
			isa = PBXFrameworksBuildPhase;
			buildActionMask = 2147483647;
			files = (
				3FDA3BBA3BDAE309851D5215 /* Pods_ChatAppUITests.framework in Frameworks */,
			);
			runOnlyForDeploymentPostprocessing = 0;
		};
/* End PBXFrameworksBuildPhase section */

/* Begin PBXGroup section */
		1F099FB19F67BCC89D3B7990 /* Frameworks */ = {
			isa = PBXGroup;
			children = (
				E328788D7B085CBBE80E25F5 /* Pods_ChatApp.framework */,
				4C4BAAB5414AB4567B157816 /* Pods_ChatAppTests.framework */,
				4F48B0722DFF0FE7CC6CBA34 /* Pods_ChatAppUITests.framework */,
			);
			name = Frameworks;
			sourceTree = "<group>";
		};
		27FD282A5674A9791C8AA125 /* Pods */ = {
			isa = PBXGroup;
			children = (
				ACB5EBFCAF3CDE127CC476BC /* Pods-ChatApp.debug.xcconfig */,
				388FAB629505F0C78B5A2821 /* Pods-ChatApp.release.xcconfig */,
				2E3D7B327B4C8DE50C563964 /* Pods-ChatAppTests.debug.xcconfig */,
				A9EB7A9C05FAC8C1D2A3D5B9 /* Pods-ChatAppTests.release.xcconfig */,
				33A1C1F18CF60D9F4C3673EB /* Pods-ChatAppUITests.debug.xcconfig */,
				EF8DEFAC4380A0FC3CB49A76 /* Pods-ChatAppUITests.release.xcconfig */,
			);
			name = Pods;
			sourceTree = "<group>";
		};
		431BE75A1F90D3E20071CFFC /* Supporting Files */ = {
			isa = PBXGroup;
			children = (
				431BE75C1F90D43B0071CFFC /* SWRevealViewController.h */,
				431BE75D1F90D43B0071CFFC /* SWRevealViewController.m */,
				431BE75B1F90D43A0071CFFC /* ChatApp-Bridging-Header.h */,
			);
			path = "Supporting Files";
			sourceTree = "<group>";
		};
		439AC4C41F8FB65F0051F1EB = {
			isa = PBXGroup;
			children = (
				439AC4CF1F8FB6600051F1EB /* ChatApp */,
				439AC4E41F8FB6600051F1EB /* ChatAppTests */,
				439AC4EF1F8FB6600051F1EB /* ChatAppUITests */,
				439AC4CE1F8FB6600051F1EB /* Products */,
				27FD282A5674A9791C8AA125 /* Pods */,
				1F099FB19F67BCC89D3B7990 /* Frameworks */,
			);
			sourceTree = "<group>";
		};
		439AC4CE1F8FB6600051F1EB /* Products */ = {
			isa = PBXGroup;
			children = (
				439AC4CD1F8FB6600051F1EB /* ChatApp.app */,
				439AC4E11F8FB6600051F1EB /* ChatAppTests.xctest */,
				439AC4EC1F8FB6600051F1EB /* ChatAppUITests.xctest */,
			);
			name = Products;
			sourceTree = "<group>";
		};
		439AC4CF1F8FB6600051F1EB /* ChatApp */ = {
			isa = PBXGroup;
			children = (
				43E27DA21F92598E0024816A /* Model */,
				43E27DA31F9259930024816A /* View */,
				43E27DA11F9259850024816A /* Controller */,
				431BE75A1F90D3E20071CFFC /* Supporting Files */,
				439AC4D01F8FB6600051F1EB /* AppDelegate.swift */,
				439AC4D41F8FB6600051F1EB /* Main.storyboard */,
				439AC4D71F8FB6600051F1EB /* Assets.xcassets */,
				439AC4D91F8FB6600051F1EB /* LaunchScreen.storyboard */,
				439AC4DC1F8FB6600051F1EB /* Info.plist */,
			);
			path = ChatApp;
			sourceTree = "<group>";
		};
		439AC4E41F8FB6600051F1EB /* ChatAppTests */ = {
			isa = PBXGroup;
			children = (
				439AC4E51F8FB6600051F1EB /* ChatAppTests.swift */,
				439AC4E71F8FB6600051F1EB /* Info.plist */,
			);
			path = ChatAppTests;
			sourceTree = "<group>";
		};
		439AC4EF1F8FB6600051F1EB /* ChatAppUITests */ = {
			isa = PBXGroup;
			children = (
				439AC4F01F8FB6600051F1EB /* ChatAppUITests.swift */,
				439AC4F21F8FB6600051F1EB /* Info.plist */,
			);
			path = ChatAppUITests;
			sourceTree = "<group>";
		};
		43E27DA11F9259850024816A /* Controller */ = {
			isa = PBXGroup;
			children = (
				43E27DA41F9259D50024816A /* ChatVC.swift */,
				43E27DA61F9259E30024816A /* ChannelVC.swift */,
			);
			path = Controller;
			sourceTree = "<group>";
		};
		43E27DA21F92598E0024816A /* Model */ = {
			isa = PBXGroup;
			children = (
			);
			path = Model;
			sourceTree = "<group>";
		};
		43E27DA31F9259930024816A /* View */ = {
			isa = PBXGroup;
			children = (
				43028BAB1F98845000E4E9BF /* GradientView.swift */,
			);
			path = View;
			sourceTree = "<group>";
		};
/* End PBXGroup section */

/* Begin PBXNativeTarget section */
		439AC4CC1F8FB65F0051F1EB /* ChatApp */ = {
			isa = PBXNativeTarget;
			buildConfigurationList = 439AC4F51F8FB6600051F1EB /* Build configuration list for PBXNativeTarget "ChatApp" */;
			buildPhases = (
				E707B06A2F8326C2139E0829 /* [CP] Check Pods Manifest.lock */,
				439AC4C91F8FB65F0051F1EB /* Sources */,
				439AC4CA1F8FB65F0051F1EB /* Frameworks */,
				439AC4CB1F8FB65F0051F1EB /* Resources */,
				143A29638DA8EF3A19A4BA9C /* [CP] Embed Pods Frameworks */,
				62B2EE37C724F780431CB509 /* [CP] Copy Pods Resources */,
			);
			buildRules = (
			);
			dependencies = (
			);
			name = ChatApp;
			productName = ChatApp;
			productReference = 439AC4CD1F8FB6600051F1EB /* ChatApp.app */;
			productType = "com.apple.product-type.application";
		};
		439AC4E01F8FB6600051F1EB /* ChatAppTests */ = {
			isa = PBXNativeTarget;
			buildConfigurationList = 439AC4F81F8FB6600051F1EB /* Build configuration list for PBXNativeTarget "ChatAppTests" */;
			buildPhases = (
				1DD08377796E012C1B347DE7 /* [CP] Check Pods Manifest.lock */,
				439AC4DD1F8FB6600051F1EB /* Sources */,
				439AC4DE1F8FB6600051F1EB /* Frameworks */,
				439AC4DF1F8FB6600051F1EB /* Resources */,
				E39D82C9E89E0CBD36FD2606 /* [CP] Embed Pods Frameworks */,
				480599704659566C4DC214D3 /* [CP] Copy Pods Resources */,
			);
			buildRules = (
			);
			dependencies = (
				439AC4E31F8FB6600051F1EB /* PBXTargetDependency */,
			);
			name = ChatAppTests;
			productName = ChatAppTests;
			productReference = 439AC4E11F8FB6600051F1EB /* ChatAppTests.xctest */;
			productType = "com.apple.product-type.bundle.unit-test";
		};
		439AC4EB1F8FB6600051F1EB /* ChatAppUITests */ = {
			isa = PBXNativeTarget;
			buildConfigurationList = 439AC4FB1F8FB6600051F1EB /* Build configuration list for PBXNativeTarget "ChatAppUITests" */;
			buildPhases = (
				E1E950A11101B599633A52D8 /* [CP] Check Pods Manifest.lock */,
				439AC4E81F8FB6600051F1EB /* Sources */,
				439AC4E91F8FB6600051F1EB /* Frameworks */,
				439AC4EA1F8FB6600051F1EB /* Resources */,
				8264435B6AC5F65D7482880D /* [CP] Embed Pods Frameworks */,
				C085F8335B2129EEC8F4753D /* [CP] Copy Pods Resources */,
			);
			buildRules = (
			);
			dependencies = (
				439AC4EE1F8FB6600051F1EB /* PBXTargetDependency */,
			);
			name = ChatAppUITests;
			productName = ChatAppUITests;
			productReference = 439AC4EC1F8FB6600051F1EB /* ChatAppUITests.xctest */;
			productType = "com.apple.product-type.bundle.ui-testing";
		};
/* End PBXNativeTarget section */

/* Begin PBXProject section */
		439AC4C51F8FB65F0051F1EB /* Project object */ = {
			isa = PBXProject;
			attributes = {
				LastSwiftUpdateCheck = 0900;
				LastUpgradeCheck = 0900;
				ORGANIZATIONNAME = Benjamin;
				TargetAttributes = {
					439AC4CC1F8FB65F0051F1EB = {
						CreatedOnToolsVersion = 9.0;
						LastSwiftMigration = 0900;
						ProvisioningStyle = Automatic;
					};
					439AC4E01F8FB6600051F1EB = {
						CreatedOnToolsVersion = 9.0;
						ProvisioningStyle = Automatic;
						TestTargetID = 439AC4CC1F8FB65F0051F1EB;
					};
					439AC4EB1F8FB6600051F1EB = {
						CreatedOnToolsVersion = 9.0;
						ProvisioningStyle = Automatic;
						TestTargetID = 439AC4CC1F8FB65F0051F1EB;
					};
				};
			};
			buildConfigurationList = 439AC4C81F8FB65F0051F1EB /* Build configuration list for PBXProject "ChatApp" */;
			compatibilityVersion = "Xcode 8.0";
			developmentRegion = en;
			hasScannedForEncodings = 0;
			knownRegions = (
				en,
				Base,
			);
			mainGroup = 439AC4C41F8FB65F0051F1EB;
			productRefGroup = 439AC4CE1F8FB6600051F1EB /* Products */;
			projectDirPath = "";
			projectRoot = "";
			targets = (
				439AC4CC1F8FB65F0051F1EB /* ChatApp */,
				439AC4E01F8FB6600051F1EB /* ChatAppTests */,
				439AC4EB1F8FB6600051F1EB /* ChatAppUITests */,
			);
		};
/* End PBXProject section */

/* Begin PBXResourcesBuildPhase section */
		439AC4CB1F8FB65F0051F1EB /* Resources */ = {
			isa = PBXResourcesBuildPhase;
			buildActionMask = 2147483647;
			files = (
				439AC4DB1F8FB6600051F1EB /* LaunchScreen.storyboard in Resources */,
				439AC4D81F8FB6600051F1EB /* Assets.xcassets in Resources */,
				439AC4D61F8FB6600051F1EB /* Main.storyboard in Resources */,
			);
			runOnlyForDeploymentPostprocessing = 0;
		};
		439AC4DF1F8FB6600051F1EB /* Resources */ = {
			isa = PBXResourcesBuildPhase;
			buildActionMask = 2147483647;
			files = (
			);
			runOnlyForDeploymentPostprocessing = 0;
		};
		439AC4EA1F8FB6600051F1EB /* Resources */ = {
			isa = PBXResourcesBuildPhase;
			buildActionMask = 2147483647;
			files = (
			);
			runOnlyForDeploymentPostprocessing = 0;
		};
/* End PBXResourcesBuildPhase section */

/* Begin PBXShellScriptBuildPhase section */
		143A29638DA8EF3A19A4BA9C /* [CP] Embed Pods Frameworks */ = {
			isa = PBXShellScriptBuildPhase;
			buildActionMask = 2147483647;
			files = (
			);
			inputPaths = (
			);
			name = "[CP] Embed Pods Frameworks";
			outputPaths = (
			);
			runOnlyForDeploymentPostprocessing = 0;
			shellPath = /bin/sh;
			shellScript = "\"${SRCROOT}/Pods/Target Support Files/Pods-ChatApp/Pods-ChatApp-frameworks.sh\"\n";
			showEnvVarsInLog = 0;
		};
		1DD08377796E012C1B347DE7 /* [CP] Check Pods Manifest.lock */ = {
			isa = PBXShellScriptBuildPhase;
			buildActionMask = 2147483647;
			files = (
			);
			inputPaths = (
			);
			name = "[CP] Check Pods Manifest.lock";
			outputPaths = (
			);
			runOnlyForDeploymentPostprocessing = 0;
			shellPath = /bin/sh;
			shellScript = "diff \"${PODS_ROOT}/../Podfile.lock\" \"${PODS_ROOT}/Manifest.lock\" > /dev/null\nif [ $? != 0 ] ; then\n    # print error to STDERR\n    echo \"error: The sandbox is not in sync with the Podfile.lock. Run 'pod install' or update your CocoaPods installation.\" >&2\n    exit 1\nfi\n";
			showEnvVarsInLog = 0;
		};
		480599704659566C4DC214D3 /* [CP] Copy Pods Resources */ = {
			isa = PBXShellScriptBuildPhase;
			buildActionMask = 2147483647;
			files = (
			);
			inputPaths = (
			);
			name = "[CP] Copy Pods Resources";
			outputPaths = (
			);
			runOnlyForDeploymentPostprocessing = 0;
			shellPath = /bin/sh;
			shellScript = "\"${SRCROOT}/Pods/Target Support Files/Pods-ChatAppTests/Pods-ChatAppTests-resources.sh\"\n";
			showEnvVarsInLog = 0;
		};
		62B2EE37C724F780431CB509 /* [CP] Copy Pods Resources */ = {
			isa = PBXShellScriptBuildPhase;
			buildActionMask = 2147483647;
			files = (
			);
			inputPaths = (
			);
			name = "[CP] Copy Pods Resources";
			outputPaths = (
			);
			runOnlyForDeploymentPostprocessing = 0;
			shellPath = /bin/sh;
			shellScript = "\"${SRCROOT}/Pods/Target Support Files/Pods-ChatApp/Pods-ChatApp-resources.sh\"\n";
			showEnvVarsInLog = 0;
		};
		8264435B6AC5F65D7482880D /* [CP] Embed Pods Frameworks */ = {
			isa = PBXShellScriptBuildPhase;
			buildActionMask = 2147483647;
			files = (
			);
			inputPaths = (
			);
			name = "[CP] Embed Pods Frameworks";
			outputPaths = (
			);
			runOnlyForDeploymentPostprocessing = 0;
			shellPath = /bin/sh;
			shellScript = "\"${SRCROOT}/Pods/Target Support Files/Pods-ChatAppUITests/Pods-ChatAppUITests-frameworks.sh\"\n";
			showEnvVarsInLog = 0;
		};
		C085F8335B2129EEC8F4753D /* [CP] Copy Pods Resources */ = {
			isa = PBXShellScriptBuildPhase;
			buildActionMask = 2147483647;
			files = (
			);
			inputPaths = (
			);
			name = "[CP] Copy Pods Resources";
			outputPaths = (
			);
			runOnlyForDeploymentPostprocessing = 0;
			shellPath = /bin/sh;
			shellScript = "\"${SRCROOT}/Pods/Target Support Files/Pods-ChatAppUITests/Pods-ChatAppUITests-resources.sh\"\n";
			showEnvVarsInLog = 0;
		};
		E1E950A11101B599633A52D8 /* [CP] Check Pods Manifest.lock */ = {
			isa = PBXShellScriptBuildPhase;
			buildActionMask = 2147483647;
			files = (
			);
			inputPaths = (
			);
			name = "[CP] Check Pods Manifest.lock";
			outputPaths = (
			);
			runOnlyForDeploymentPostprocessing = 0;
			shellPath = /bin/sh;
			shellScript = "diff \"${PODS_ROOT}/../Podfile.lock\" \"${PODS_ROOT}/Manifest.lock\" > /dev/null\nif [ $? != 0 ] ; then\n    # print error to STDERR\n    echo \"error: The sandbox is not in sync with the Podfile.lock. Run 'pod install' or update your CocoaPods installation.\" >&2\n    exit 1\nfi\n";
			showEnvVarsInLog = 0;
		};
		E39D82C9E89E0CBD36FD2606 /* [CP] Embed Pods Frameworks */ = {
			isa = PBXShellScriptBuildPhase;
			buildActionMask = 2147483647;
			files = (
			);
			inputPaths = (
			);
			name = "[CP] Embed Pods Frameworks";
			outputPaths = (
			);
			runOnlyForDeploymentPostprocessing = 0;
			shellPath = /bin/sh;
			shellScript = "\"${SRCROOT}/Pods/Target Support Files/Pods-ChatAppTests/Pods-ChatAppTests-frameworks.sh\"\n";
			showEnvVarsInLog = 0;
		};
		E707B06A2F8326C2139E0829 /* [CP] Check Pods Manifest.lock */ = {
			isa = PBXShellScriptBuildPhase;
			buildActionMask = 2147483647;
			files = (
			);
			inputPaths = (
			);
			name = "[CP] Check Pods Manifest.lock";
			outputPaths = (
			);
			runOnlyForDeploymentPostprocessing = 0;
			shellPath = /bin/sh;
			shellScript = "diff \"${PODS_ROOT}/../Podfile.lock\" \"${PODS_ROOT}/Manifest.lock\" > /dev/null\nif [ $? != 0 ] ; then\n    # print error to STDERR\n    echo \"error: The sandbox is not in sync with the Podfile.lock. Run 'pod install' or update your CocoaPods installation.\" >&2\n    exit 1\nfi\n";
			showEnvVarsInLog = 0;
		};
/* End PBXShellScriptBuildPhase section */

/* Begin PBXSourcesBuildPhase section */
		439AC4C91F8FB65F0051F1EB /* Sources */ = {
			isa = PBXSourcesBuildPhase;
			buildActionMask = 2147483647;
			files = (
				43E27DA51F9259D50024816A /* ChatVC.swift in Sources */,
				43E27DA71F9259E30024816A /* ChannelVC.swift in Sources */,
				43028BAC1F98845000E4E9BF /* GradientView.swift in Sources */,
				439AC4D11F8FB6600051F1EB /* AppDelegate.swift in Sources */,
				43028BAA1F987DC400E4E9BF /* SWRevealViewController.m in Sources */,
			);
			runOnlyForDeploymentPostprocessing = 0;
		};
		439AC4DD1F8FB6600051F1EB /* Sources */ = {
			isa = PBXSourcesBuildPhase;
			buildActionMask = 2147483647;
			files = (
				439AC4E61F8FB6600051F1EB /* ChatAppTests.swift in Sources */,
			);
			runOnlyForDeploymentPostprocessing = 0;
		};
		439AC4E81F8FB6600051F1EB /* Sources */ = {
			isa = PBXSourcesBuildPhase;
			buildActionMask = 2147483647;
			files = (
				439AC4F11F8FB6600051F1EB /* ChatAppUITests.swift in Sources */,
			);
			runOnlyForDeploymentPostprocessing = 0;
		};
/* End PBXSourcesBuildPhase section */

/* Begin PBXTargetDependency section */
		439AC4E31F8FB6600051F1EB /* PBXTargetDependency */ = {
			isa = PBXTargetDependency;
			target = 439AC4CC1F8FB65F0051F1EB /* ChatApp */;
			targetProxy = 439AC4E21F8FB6600051F1EB /* PBXContainerItemProxy */;
		};
		439AC4EE1F8FB6600051F1EB /* PBXTargetDependency */ = {
			isa = PBXTargetDependency;
			target = 439AC4CC1F8FB65F0051F1EB /* ChatApp */;
			targetProxy = 439AC4ED1F8FB6600051F1EB /* PBXContainerItemProxy */;
		};
/* End PBXTargetDependency section */

/* Begin PBXVariantGroup section */
		439AC4D41F8FB6600051F1EB /* Main.storyboard */ = {
			isa = PBXVariantGroup;
			children = (
				439AC4D51F8FB6600051F1EB /* Base */,
			);
			name = Main.storyboard;
			sourceTree = "<group>";
		};
		439AC4D91F8FB6600051F1EB /* LaunchScreen.storyboard */ = {
			isa = PBXVariantGroup;
			children = (
				439AC4DA1F8FB6600051F1EB /* Base */,
			);
			name = LaunchScreen.storyboard;
			sourceTree = "<group>";
		};
/* End PBXVariantGroup section */

/* Begin XCBuildConfiguration section */
		439AC4F31F8FB6600051F1EB /* Debug */ = {
			isa = XCBuildConfiguration;
			buildSettings = {
				ALWAYS_SEARCH_USER_PATHS = NO;
				CLANG_ANALYZER_NONNULL = YES;
				CLANG_ANALYZER_NUMBER_OBJECT_CONVERSION = YES_AGGRESSIVE;
				CLANG_CXX_LANGUAGE_STANDARD = "gnu++14";
				CLANG_CXX_LIBRARY = "libc++";
				CLANG_ENABLE_MODULES = YES;
				CLANG_ENABLE_OBJC_ARC = YES;
				CLANG_WARN_BLOCK_CAPTURE_AUTORELEASING = YES;
				CLANG_WARN_BOOL_CONVERSION = YES;
				CLANG_WARN_COMMA = YES;
				CLANG_WARN_CONSTANT_CONVERSION = YES;
				CLANG_WARN_DIRECT_OBJC_ISA_USAGE = YES_ERROR;
				CLANG_WARN_DOCUMENTATION_COMMENTS = YES;
				CLANG_WARN_EMPTY_BODY = YES;
				CLANG_WARN_ENUM_CONVERSION = YES;
				CLANG_WARN_INFINITE_RECURSION = YES;
				CLANG_WARN_INT_CONVERSION = YES;
				CLANG_WARN_NON_LITERAL_NULL_CONVERSION = YES;
				CLANG_WARN_OBJC_LITERAL_CONVERSION = YES;
				CLANG_WARN_OBJC_ROOT_CLASS = YES_ERROR;
				CLANG_WARN_RANGE_LOOP_ANALYSIS = YES;
				CLANG_WARN_STRICT_PROTOTYPES = YES;
				CLANG_WARN_SUSPICIOUS_MOVE = YES;
				CLANG_WARN_UNGUARDED_AVAILABILITY = YES_AGGRESSIVE;
				CLANG_WARN_UNREACHABLE_CODE = YES;
				CLANG_WARN__DUPLICATE_METHOD_MATCH = YES;
				CODE_SIGN_IDENTITY = "iPhone Developer";
				COPY_PHASE_STRIP = NO;
				DEBUG_INFORMATION_FORMAT = dwarf;
				ENABLE_STRICT_OBJC_MSGSEND = YES;
				ENABLE_TESTABILITY = YES;
				GCC_C_LANGUAGE_STANDARD = gnu11;
				GCC_DYNAMIC_NO_PIC = NO;
				GCC_NO_COMMON_BLOCKS = YES;
				GCC_OPTIMIZATION_LEVEL = 0;
				GCC_PREPROCESSOR_DEFINITIONS = (
					"DEBUG=1",
					"$(inherited)",
				);
				GCC_WARN_64_TO_32_BIT_CONVERSION = YES;
				GCC_WARN_ABOUT_RETURN_TYPE = YES_ERROR;
				GCC_WARN_UNDECLARED_SELECTOR = YES;
				GCC_WARN_UNINITIALIZED_AUTOS = YES_AGGRESSIVE;
				GCC_WARN_UNUSED_FUNCTION = YES;
				GCC_WARN_UNUSED_VARIABLE = YES;
				IPHONEOS_DEPLOYMENT_TARGET = 11.0;
				MTL_ENABLE_DEBUG_INFO = YES;
				ONLY_ACTIVE_ARCH = YES;
				SDKROOT = iphoneos;
				SWIFT_ACTIVE_COMPILATION_CONDITIONS = DEBUG;
				SWIFT_OPTIMIZATION_LEVEL = "-Onone";
			};
			name = Debug;
		};
		439AC4F41F8FB6600051F1EB /* Release */ = {
			isa = XCBuildConfiguration;
			buildSettings = {
				ALWAYS_SEARCH_USER_PATHS = NO;
				CLANG_ANALYZER_NONNULL = YES;
				CLANG_ANALYZER_NUMBER_OBJECT_CONVERSION = YES_AGGRESSIVE;
				CLANG_CXX_LANGUAGE_STANDARD = "gnu++14";
				CLANG_CXX_LIBRARY = "libc++";
				CLANG_ENABLE_MODULES = YES;
				CLANG_ENABLE_OBJC_ARC = YES;
				CLANG_WARN_BLOCK_CAPTURE_AUTORELEASING = YES;
				CLANG_WARN_BOOL_CONVERSION = YES;
				CLANG_WARN_COMMA = YES;
				CLANG_WARN_CONSTANT_CONVERSION = YES;
				CLANG_WARN_DIRECT_OBJC_ISA_USAGE = YES_ERROR;
				CLANG_WARN_DOCUMENTATION_COMMENTS = YES;
				CLANG_WARN_EMPTY_BODY = YES;
				CLANG_WARN_ENUM_CONVERSION = YES;
				CLANG_WARN_INFINITE_RECURSION = YES;
				CLANG_WARN_INT_CONVERSION = YES;
				CLANG_WARN_NON_LITERAL_NULL_CONVERSION = YES;
				CLANG_WARN_OBJC_LITERAL_CONVERSION = YES;
				CLANG_WARN_OBJC_ROOT_CLASS = YES_ERROR;
				CLANG_WARN_RANGE_LOOP_ANALYSIS = YES;
				CLANG_WARN_STRICT_PROTOTYPES = YES;
				CLANG_WARN_SUSPICIOUS_MOVE = YES;
				CLANG_WARN_UNGUARDED_AVAILABILITY = YES_AGGRESSIVE;
				CLANG_WARN_UNREACHABLE_CODE = YES;
				CLANG_WARN__DUPLICATE_METHOD_MATCH = YES;
				CODE_SIGN_IDENTITY = "iPhone Developer";
				COPY_PHASE_STRIP = NO;
				DEBUG_INFORMATION_FORMAT = "dwarf-with-dsym";
				ENABLE_NS_ASSERTIONS = NO;
				ENABLE_STRICT_OBJC_MSGSEND = YES;
				GCC_C_LANGUAGE_STANDARD = gnu11;
				GCC_NO_COMMON_BLOCKS = YES;
				GCC_WARN_64_TO_32_BIT_CONVERSION = YES;
				GCC_WARN_ABOUT_RETURN_TYPE = YES_ERROR;
				GCC_WARN_UNDECLARED_SELECTOR = YES;
				GCC_WARN_UNINITIALIZED_AUTOS = YES_AGGRESSIVE;
				GCC_WARN_UNUSED_FUNCTION = YES;
				GCC_WARN_UNUSED_VARIABLE = YES;
				IPHONEOS_DEPLOYMENT_TARGET = 11.0;
				MTL_ENABLE_DEBUG_INFO = NO;
				SDKROOT = iphoneos;
				SWIFT_OPTIMIZATION_LEVEL = "-Owholemodule";
				VALIDATE_PRODUCT = YES;
			};
			name = Release;
		};
		439AC4F61F8FB6600051F1EB /* Debug */ = {
			isa = XCBuildConfiguration;
			baseConfigurationReference = ACB5EBFCAF3CDE127CC476BC /* Pods-ChatApp.debug.xcconfig */;
			buildSettings = {
				ASSETCATALOG_COMPILER_APPICON_NAME = AppIcon;
				CLANG_ENABLE_MODULES = YES;
				CODE_SIGN_STYLE = Automatic;
				INFOPLIST_FILE = ChatApp/Info.plist;
				LD_RUNPATH_SEARCH_PATHS = "$(inherited) @executable_path/Frameworks";
				PRODUCT_BUNDLE_IDENTIFIER = nothing.ChatApp;
				PRODUCT_NAME = "$(TARGET_NAME)";
				SWIFT_OBJC_BRIDGING_HEADER = "ChatApp/Supporting Files/ChatApp-Bridging-Header.h";
				SWIFT_OPTIMIZATION_LEVEL = "-Onone";
				SWIFT_VERSION = 4.0;
				TARGETED_DEVICE_FAMILY = "1,2";
			};
			name = Debug;
		};
		439AC4F71F8FB6600051F1EB /* Release */ = {
			isa = XCBuildConfiguration;
			baseConfigurationReference = 388FAB629505F0C78B5A2821 /* Pods-ChatApp.release.xcconfig */;
			buildSettings = {
				ASSETCATALOG_COMPILER_APPICON_NAME = AppIcon;
				CLANG_ENABLE_MODULES = YES;
				CODE_SIGN_STYLE = Automatic;
				INFOPLIST_FILE = ChatApp/Info.plist;
				LD_RUNPATH_SEARCH_PATHS = "$(inherited) @executable_path/Frameworks";
				PRODUCT_BUNDLE_IDENTIFIER = nothing.ChatApp;
				PRODUCT_NAME = "$(TARGET_NAME)";
				SWIFT_OBJC_BRIDGING_HEADER = "ChatApp/Supporting Files/ChatApp-Bridging-Header.h";
				SWIFT_VERSION = 4.0;
				TARGETED_DEVICE_FAMILY = "1,2";
			};
			name = Release;
		};
		439AC4F91F8FB6600051F1EB /* Debug */ = {
			isa = XCBuildConfiguration;
			baseConfigurationReference = 2E3D7B327B4C8DE50C563964 /* Pods-ChatAppTests.debug.xcconfig */;
			buildSettings = {
				ALWAYS_EMBED_SWIFT_STANDARD_LIBRARIES = YES;
				BUNDLE_LOADER = "$(TEST_HOST)";
				CODE_SIGN_STYLE = Automatic;
				DEVELOPMENT_TEAM = 4QJ2N4B8BP;
				INFOPLIST_FILE = ChatAppTests/Info.plist;
				LD_RUNPATH_SEARCH_PATHS = "$(inherited) @executable_path/Frameworks @loader_path/Frameworks";
				PRODUCT_BUNDLE_IDENTIFIER = nothing.ChatAppTests;
				PRODUCT_NAME = "$(TARGET_NAME)";
				SWIFT_VERSION = 4.0;
				TARGETED_DEVICE_FAMILY = "1,2";
				TEST_HOST = "$(BUILT_PRODUCTS_DIR)/ChatApp.app/ChatApp";
			};
			name = Debug;
		};
		439AC4FA1F8FB6600051F1EB /* Release */ = {
			isa = XCBuildConfiguration;
			baseConfigurationReference = A9EB7A9C05FAC8C1D2A3D5B9 /* Pods-ChatAppTests.release.xcconfig */;
			buildSettings = {
				ALWAYS_EMBED_SWIFT_STANDARD_LIBRARIES = YES;
				BUNDLE_LOADER = "$(TEST_HOST)";
				CODE_SIGN_STYLE = Automatic;
				DEVELOPMENT_TEAM = 4QJ2N4B8BP;
				INFOPLIST_FILE = ChatAppTests/Info.plist;
				LD_RUNPATH_SEARCH_PATHS = "$(inherited) @executable_path/Frameworks @loader_path/Frameworks";
				PRODUCT_BUNDLE_IDENTIFIER = nothing.ChatAppTests;
				PRODUCT_NAME = "$(TARGET_NAME)";
				SWIFT_VERSION = 4.0;
				TARGETED_DEVICE_FAMILY = "1,2";
				TEST_HOST = "$(BUILT_PRODUCTS_DIR)/ChatApp.app/ChatApp";
			};
			name = Release;
		};
		439AC4FC1F8FB6600051F1EB /* Debug */ = {
			isa = XCBuildConfiguration;
			baseConfigurationReference = 33A1C1F18CF60D9F4C3673EB /* Pods-ChatAppUITests.debug.xcconfig */;
			buildSettings = {
				ALWAYS_EMBED_SWIFT_STANDARD_LIBRARIES = YES;
				CODE_SIGN_STYLE = Automatic;
				INFOPLIST_FILE = ChatAppUITests/Info.plist;
				LD_RUNPATH_SEARCH_PATHS = "$(inherited) @executable_path/Frameworks @loader_path/Frameworks";
				PRODUCT_BUNDLE_IDENTIFIER = nothing.ChatAppUITests;
				PRODUCT_NAME = "$(TARGET_NAME)";
				SWIFT_VERSION = 4.0;
				TARGETED_DEVICE_FAMILY = "1,2";
				TEST_TARGET_NAME = ChatApp;
			};
			name = Debug;
		};
		439AC4FD1F8FB6600051F1EB /* Release */ = {
			isa = XCBuildConfiguration;
			baseConfigurationReference = EF8DEFAC4380A0FC3CB49A76 /* Pods-ChatAppUITests.release.xcconfig */;
			buildSettings = {
				ALWAYS_EMBED_SWIFT_STANDARD_LIBRARIES = YES;
				CODE_SIGN_STYLE = Automatic;
				INFOPLIST_FILE = ChatAppUITests/Info.plist;
				LD_RUNPATH_SEARCH_PATHS = "$(inherited) @executable_path/Frameworks @loader_path/Frameworks";
				PRODUCT_BUNDLE_IDENTIFIER = nothing.ChatAppUITests;
				PRODUCT_NAME = "$(TARGET_NAME)";
				SWIFT_VERSION = 4.0;
				TARGETED_DEVICE_FAMILY = "1,2";
				TEST_TARGET_NAME = ChatApp;
			};
			name = Release;
		};
/* End XCBuildConfiguration section */

/* Begin XCConfigurationList section */
		439AC4C81F8FB65F0051F1EB /* Build configuration list for PBXProject "ChatApp" */ = {
			isa = XCConfigurationList;
			buildConfigurations = (
				439AC4F31F8FB6600051F1EB /* Debug */,
				439AC4F41F8FB6600051F1EB /* Release */,
			);
			defaultConfigurationIsVisible = 0;
			defaultConfigurationName = Release;
		};
		439AC4F51F8FB6600051F1EB /* Build configuration list for PBXNativeTarget "ChatApp" */ = {
			isa = XCConfigurationList;
			buildConfigurations = (
				439AC4F61F8FB6600051F1EB /* Debug */,
				439AC4F71F8FB6600051F1EB /* Release */,
			);
			defaultConfigurationIsVisible = 0;
			defaultConfigurationName = Release;
		};
		439AC4F81F8FB6600051F1EB /* Build configuration list for PBXNativeTarget "ChatAppTests" */ = {
			isa = XCConfigurationList;
			buildConfigurations = (
				439AC4F91F8FB6600051F1EB /* Debug */,
				439AC4FA1F8FB6600051F1EB /* Release */,
			);
			defaultConfigurationIsVisible = 0;
			defaultConfigurationName = Release;
		};
		439AC4FB1F8FB6600051F1EB /* Build configuration list for PBXNativeTarget "ChatAppUITests" */ = {
			isa = XCConfigurationList;
			buildConfigurations = (
				439AC4FC1F8FB6600051F1EB /* Debug */,
				439AC4FD1F8FB6600051F1EB /* Release */,
			);
			defaultConfigurationIsVisible = 0;
			defaultConfigurationName = Release;
		};
/* End XCConfigurationList section */
	};
	rootObject = 439AC4C51F8FB65F0051F1EB /* Project object */;
}
